{
  "name": "web",
  "lockfileVersion": 3,
  "requires": true,
  "packages": {
    "": {
      "dependencies": {
        "@stripe/react-stripe-js": "^3.7.0",
        "@stripe/stripe-js": "^7.3.1"
      },
      "devDependencies": {
        "@types/stripe-v3": "^3.1.33"
      }
    },
    "node_modules/@stripe/react-stripe-js": {
      "version": "3.7.0",
      "resolved": "https://registry.npmjs.org/@stripe/react-stripe-js/-/react-stripe-js-3.7.0.tgz",
      "integrity": "sha512-PYls/2S9l0FF+2n0wHaEJsEU8x7CmBagiH7zYOsxbBlLIHEsqUIQ4MlIAbV9Zg6xwT8jlYdlRIyBTHmO3yM7kQ==",
      "dependencies": {
        "prop-types": "^15.7.2"
      },
      "peerDependencies": {
        "@stripe/stripe-js": ">=1.44.1 <8.0.0",
        "react": ">=16.8.0 <20.0.0",
        "react-dom": ">=16.8.0 <20.0.0"
      }
    },
    "node_modules/@stripe/stripe-js": {
      "version": "7.3.1",
      "resolved": "https://registry.npmjs.org/@stripe/stripe-js/-/stripe-js-7.3.1.tgz",
      "integrity": "sha512-pTzb864TQWDRQBPLgSPFRoyjSDUqpCkbEgTzpsjiTjGz1Z5SxZNXJek28w1s6Dyry4CyW4/Izj5jHE/J9hCJYQ==",
      "engines": {
        "node": ">=12.16"
      }
    },
    "node_modules/@types/stripe-v3": {
      "version": "3.1.33",
      "resolved": "https://registry.npmjs.org/@types/stripe-v3/-/stripe-v3-3.1.33.tgz",
      "integrity": "sha512-fIE7F7alypCrnIMsk4naprHf8kXEvPM2Q9FGdL/3TDeGM0xlHohdVWkwuaEZ2tKzXB9QQKoS8k+ocLkPjZajwQ==",
      "dev": true
    },
    "node_modules/js-tokens": {
      "version": "4.0.0",
      "resolved": "https://registry.npmjs.org/js-tokens/-/js-tokens-4.0.0.tgz",
      "integrity": "sha512-RdJUflcE3cUzKiMqQgsCu06FPu9UdIJO0beYbPhHN4k6apgJtifcoCtT9bcxOpYBtpD2kCM6Sbzg4CausW/PKQ=="
    },
    "node_modules/loose-envify": {
      "version": "1.4.0",
      "resolved": "https://registry.npmjs.org/loose-envify/-/loose-envify-1.4.0.tgz",
      "integrity": "sha512-lyuxPGr/Wfhrlem2CL/UcnUc1zcqKAImBDzukY7Y5F/yQiNdko6+fRLevlw1HgMySw7f611UIY408EtxRSoK3Q==",
      "dependencies": {
        "js-tokens": "^3.0.0 || ^4.0.0"
      },
      "bin": {
        "loose-envify": "cli.js"
      }
    },
    "node_modules/object-assign": {
      "version": "4.1.1",
      "resolved": "https://registry.npmjs.org/object-assign/-/object-assign-4.1.1.tgz",
      "integrity": "sha512-rJgTQnkUnH1sFw8yT6VSU3zD3sWmu6sZhIseY8VX+GRu3P6F7Fu+JNDoXfklElbLJSnc3FUQHVe4cU5hj+BcUg==",
      "engines": {
        "node": ">=0.10.0"
      }
    },
    "node_modules/prop-types": {
      "version": "15.8.1",
      "resolved": "https://registry.npmjs.org/prop-types/-/prop-types-15.8.1.tgz",
      "integrity": "sha512-oj87CgZICdulUohogVAR7AjlC0327U4el4L6eAvOqCeudMDVU0NThNaV+b9Df4dXgSP1gXMTnPdhfe/2qDH5cg==",
      "dependencies": {
        "loose-envify": "^1.4.0",
        "object-assign": "^4.1.1",
        "react-is": "^16.13.1"
      }
    },
    "node_modules/react-is": {
      "version": "16.13.1",
      "resolved": "https://registry.npmjs.org/react-is/-/react-is-16.13.1.tgz",
      "integrity": "sha512-24e6ynE2H+OKt4kqsOvNd8kBpV65zoxbA4BVsEOB3ARVWQki/DHzaUoC5KuON/BiccDaCCTZBuOcfZs70kR8bQ=="
    }
  }
}
